
Microsoft Visual Studio Solution File, Format Version 12.00
# Visual Studio Version 17
VisualStudioVersion = 17.12.35527.113
MinimumVisualStudioVersion = 10.0.40219.1
Project("{FAE04EC0-301F-11D3-BF4B-00C04F79EFBC}") = "SilverbridgeWeb.WebUI", "src\Frontend\SilverbridgeWeb.WebUI\SilverbridgeWeb.WebUI.csproj", "{EAEB1CD3-7CC7-4206-9CA4-972D6B26AED7}"
EndProject
Project("{FAE04EC0-301F-11D3-BF4B-00C04F79EFBC}") = "SilverbridgeWeb.Api", "src\Backend\API\SilverbridgeWeb.Api\SilverbridgeWeb.Api.csproj", "{625D39E2-D3FD-49EA-B1A0-0DA34F200C44}"
EndProject
Project("{FAE04EC0-301F-11D3-BF4B-00C04F79EFBC}") = "SilverbridgeWeb.AppHost", "src\Aspire\SilverbridgeWeb.AppHost\SilverbridgeWeb.AppHost.csproj", "{16645FEF-EAA8-4C9E-9165-AA7F5076F463}"
EndProject
Project("{FAE04EC0-301F-11D3-BF4B-00C04F79EFBC}") = "SilverbridgeWeb.ServiceDefaults", "src\Aspire\SilverbridgeWeb.ServiceDefaults\SilverbridgeWeb.ServiceDefaults.csproj", "{EDA5FAB6-F9E9-C14D-DCB9-4D79CD6A4363}"
EndProject
Project("{2150E333-8FDC-42A3-9474-1A3956D46DE8}") = "src", "src", "{2F907B31-354D-4528-AF39-0267A3900793}"
EndProject
Project("{2150E333-8FDC-42A3-9474-1A3956D46DE8}") = "Solution Items", "Solution Items", "{8EC462FD-D22E-90A8-E5CE-7E832BA40C5D}"
	ProjectSection(SolutionItems) = preProject
		.editorconfig = .editorconfig
		Directory.Build.props = Directory.Build.props
	EndProjectSection
EndProject
Project("{2150E333-8FDC-42A3-9474-1A3956D46DE8}") = "API", "API", "{A7B271D2-212D-4FEE-B266-862D49BC9F4F}"
EndProject
Project("{2150E333-8FDC-42A3-9474-1A3956D46DE8}") = "Backend", "Backend", "{D394B4DF-A804-4095-B913-4991F3F976EB}"
EndProject
Project("{2150E333-8FDC-42A3-9474-1A3956D46DE8}") = "Modules", "Modules", "{512D5841-756A-4B3C-AE53-41BD7A3A1C84}"
EndProject
Project("{2150E333-8FDC-42A3-9474-1A3956D46DE8}") = "Frontend", "Frontend", "{768DDD56-B80E-4F49-B5BF-334E14E66BBA}"
EndProject
Project("{2150E333-8FDC-42A3-9474-1A3956D46DE8}") = "Aspire", "Aspire", "{02EA681E-C7D8-13C7-8484-4AC65E1B71E8}"
EndProject
Project("{2150E333-8FDC-42A3-9474-1A3956D46DE8}") = "Events", "Events", "{11374546-F0A9-4801-AEBF-4EF76D75AE07}"
EndProject
Project("{FAE04EC0-301F-11D3-BF4B-00C04F79EFBC}") = "SilverbridgeWeb.Modules.Events.Domain", "src\Backend\Modules\Events\SilverbridgeWeb.Modules.Events.Domain\SilverbridgeWeb.Modules.Events.Domain.csproj", "{45DE0C56-7F8E-4904-8E8B-0A34F7E6AED4}"
EndProject
Project("{FAE04EC0-301F-11D3-BF4B-00C04F79EFBC}") = "SilverbridgeWeb.Modules.Events.Application", "src\Backend\Modules\Events\SilverbridgeWeb.Modules.Events.Application\SilverbridgeWeb.Modules.Events.Application.csproj", "{7E8E51C9-5BD3-4DE3-BFB0-B3C39CBB9DA2}"
EndProject
Project("{FAE04EC0-301F-11D3-BF4B-00C04F79EFBC}") = "SilverbridgeWeb.Modules.Events.Infrastructure", "src\Backend\Modules\Events\SilverbridgeWeb.Modules.Events.Infrastructure\SilverbridgeWeb.Modules.Events.Infrastructure.csproj", "{3D8E64C2-665A-43CA-936E-9A94C167BD59}"
EndProject
Project("{FAE04EC0-301F-11D3-BF4B-00C04F79EFBC}") = "SilverbridgeWeb.Modules.Events.Presentation", "src\Backend\Modules\Events\SilverbridgeWeb.Modules.Events.Presentation\SilverbridgeWeb.Modules.Events.Presentation.csproj", "{825877D8-9AEC-451C-AE9A-61CDFFADCF3A}"
EndProject
Project("{2150E333-8FDC-42A3-9474-1A3956D46DE8}") = "Common", "Common", "{82E9B9BF-F0E1-4872-9C42-8B7D0C3E320D}"
EndProject
Project("{FAE04EC0-301F-11D3-BF4B-00C04F79EFBC}") = "SilverbridgeWeb.Common.Application", "src\Backend\Common\SilverbridgeWeb.Common.Application\SilverbridgeWeb.Common.Application.csproj", "{796EE724-4251-43BE-8BCF-6778CB883CA1}"
EndProject
Project("{FAE04EC0-301F-11D3-BF4B-00C04F79EFBC}") = "SilverbridgeWeb.Common.Domain", "src\Backend\Common\SilverbridgeWeb.Common.Domain\SilverbridgeWeb.Common.Domain.csproj", "{B309C17C-7160-4F90-8DBE-943F45FD17A2}"
EndProject
Project("{FAE04EC0-301F-11D3-BF4B-00C04F79EFBC}") = "SilverbridgeWeb.Common.Infrastructure", "src\Backend\Common\SilverbridgeWeb.Common.Infrastructure\SilverbridgeWeb.Common.Infrastructure.csproj", "{9CD0D0E4-193C-426D-A2BB-841FD15C96A2}"
EndProject
Global
	GlobalSection(SolutionConfigurationPlatforms) = preSolution
		Debug|Any CPU = Debug|Any CPU
		Release|Any CPU = Release|Any CPU
	EndGlobalSection
	GlobalSection(ProjectConfigurationPlatforms) = postSolution
		{EAEB1CD3-7CC7-4206-9CA4-972D6B26AED7}.Debug|Any CPU.ActiveCfg = Debug|Any CPU
		{EAEB1CD3-7CC7-4206-9CA4-972D6B26AED7}.Debug|Any CPU.Build.0 = Debug|Any CPU
		{EAEB1CD3-7CC7-4206-9CA4-972D6B26AED7}.Release|Any CPU.ActiveCfg = Release|Any CPU
		{EAEB1CD3-7CC7-4206-9CA4-972D6B26AED7}.Release|Any CPU.Build.0 = Release|Any CPU
		{625D39E2-D3FD-49EA-B1A0-0DA34F200C44}.Debug|Any CPU.ActiveCfg = Debug|Any CPU
		{625D39E2-D3FD-49EA-B1A0-0DA34F200C44}.Debug|Any CPU.Build.0 = Debug|Any CPU
		{625D39E2-D3FD-49EA-B1A0-0DA34F200C44}.Release|Any CPU.ActiveCfg = Release|Any CPU
		{625D39E2-D3FD-49EA-B1A0-0DA34F200C44}.Release|Any CPU.Build.0 = Release|Any CPU
		{16645FEF-EAA8-4C9E-9165-AA7F5076F463}.Debug|Any CPU.ActiveCfg = Debug|Any CPU
		{16645FEF-EAA8-4C9E-9165-AA7F5076F463}.Debug|Any CPU.Build.0 = Debug|Any CPU
		{16645FEF-EAA8-4C9E-9165-AA7F5076F463}.Release|Any CPU.ActiveCfg = Release|Any CPU
		{16645FEF-EAA8-4C9E-9165-AA7F5076F463}.Release|Any CPU.Build.0 = Release|Any CPU
		{EDA5FAB6-F9E9-C14D-DCB9-4D79CD6A4363}.Debug|Any CPU.ActiveCfg = Debug|Any CPU
		{EDA5FAB6-F9E9-C14D-DCB9-4D79CD6A4363}.Debug|Any CPU.Build.0 = Debug|Any CPU
		{EDA5FAB6-F9E9-C14D-DCB9-4D79CD6A4363}.Release|Any CPU.ActiveCfg = Release|Any CPU
		{EDA5FAB6-F9E9-C14D-DCB9-4D79CD6A4363}.Release|Any CPU.Build.0 = Release|Any CPU
		{45DE0C56-7F8E-4904-8E8B-0A34F7E6AED4}.Debug|Any CPU.ActiveCfg = Debug|Any CPU
		{45DE0C56-7F8E-4904-8E8B-0A34F7E6AED4}.Debug|Any CPU.Build.0 = Debug|Any CPU
		{45DE0C56-7F8E-4904-8E8B-0A34F7E6AED4}.Release|Any CPU.ActiveCfg = Release|Any CPU
		{45DE0C56-7F8E-4904-8E8B-0A34F7E6AED4}.Release|Any CPU.Build.0 = Release|Any CPU
		{7E8E51C9-5BD3-4DE3-BFB0-B3C39CBB9DA2}.Debug|Any CPU.ActiveCfg = Debug|Any CPU
		{7E8E51C9-5BD3-4DE3-BFB0-B3C39CBB9DA2}.Debug|Any CPU.Build.0 = Debug|Any CPU
		{7E8E51C9-5BD3-4DE3-BFB0-B3C39CBB9DA2}.Release|Any CPU.ActiveCfg = Release|Any CPU
		{7E8E51C9-5BD3-4DE3-BFB0-B3C39CBB9DA2}.Release|Any CPU.Build.0 = Release|Any CPU
		{3D8E64C2-665A-43CA-936E-9A94C167BD59}.Debug|Any CPU.ActiveCfg = Debug|Any CPU
		{3D8E64C2-665A-43CA-936E-9A94C167BD59}.Debug|Any CPU.Build.0 = Debug|Any CPU
		{3D8E64C2-665A-43CA-936E-9A94C167BD59}.Release|Any CPU.ActiveCfg = Release|Any CPU
		{3D8E64C2-665A-43CA-936E-9A94C167BD59}.Release|Any CPU.Build.0 = Release|Any CPU
		{825877D8-9AEC-451C-AE9A-61CDFFADCF3A}.Debug|Any CPU.ActiveCfg = Debug|Any CPU
		{825877D8-9AEC-451C-AE9A-61CDFFADCF3A}.Debug|Any CPU.Build.0 = Debug|Any CPU
		{825877D8-9AEC-451C-AE9A-61CDFFADCF3A}.Release|Any CPU.ActiveCfg = Release|Any CPU
		{825877D8-9AEC-451C-AE9A-61CDFFADCF3A}.Release|Any CPU.Build.0 = Release|Any CPU
		{796EE724-4251-43BE-8BCF-6778CB883CA1}.Debug|Any CPU.ActiveCfg = Debug|Any CPU
		{796EE724-4251-43BE-8BCF-6778CB883CA1}.Debug|Any CPU.Build.0 = Debug|Any CPU
		{796EE724-4251-43BE-8BCF-6778CB883CA1}.Release|Any CPU.ActiveCfg = Release|Any CPU
		{796EE724-4251-43BE-8BCF-6778CB883CA1}.Release|Any CPU.Build.0 = Release|Any CPU
		{B309C17C-7160-4F90-8DBE-943F45FD17A2}.Debug|Any CPU.ActiveCfg = Debug|Any CPU
		{B309C17C-7160-4F90-8DBE-943F45FD17A2}.Debug|Any CPU.Build.0 = Debug|Any CPU
		{B309C17C-7160-4F90-8DBE-943F45FD17A2}.Release|Any CPU.ActiveCfg = Release|Any CPU
		{B309C17C-7160-4F90-8DBE-943F45FD17A2}.Release|Any CPU.Build.0 = Release|Any CPU
		{9CD0D0E4-193C-426D-A2BB-841FD15C96A2}.Debug|Any CPU.ActiveCfg = Debug|Any CPU
		{9CD0D0E4-193C-426D-A2BB-841FD15C96A2}.Debug|Any CPU.Build.0 = Debug|Any CPU
		{9CD0D0E4-193C-426D-A2BB-841FD15C96A2}.Release|Any CPU.ActiveCfg = Release|Any CPU
		{9CD0D0E4-193C-426D-A2BB-841FD15C96A2}.Release|Any CPU.Build.0 = Release|Any CPU
	EndGlobalSection
	GlobalSection(SolutionProperties) = preSolution
		HideSolutionNode = FALSE
	EndGlobalSection
	GlobalSection(NestedProjects) = preSolution
		{EAEB1CD3-7CC7-4206-9CA4-972D6B26AED7} = {768DDD56-B80E-4F49-B5BF-334E14E66BBA}
		{625D39E2-D3FD-49EA-B1A0-0DA34F200C44} = {A7B271D2-212D-4FEE-B266-862D49BC9F4F}
		{16645FEF-EAA8-4C9E-9165-AA7F5076F463} = {02EA681E-C7D8-13C7-8484-4AC65E1B71E8}
		{EDA5FAB6-F9E9-C14D-DCB9-4D79CD6A4363} = {02EA681E-C7D8-13C7-8484-4AC65E1B71E8}
		{A7B271D2-212D-4FEE-B266-862D49BC9F4F} = {D394B4DF-A804-4095-B913-4991F3F976EB}
		{D394B4DF-A804-4095-B913-4991F3F976EB} = {2F907B31-354D-4528-AF39-0267A3900793}
		{512D5841-756A-4B3C-AE53-41BD7A3A1C84} = {D394B4DF-A804-4095-B913-4991F3F976EB}
		{768DDD56-B80E-4F49-B5BF-334E14E66BBA} = {2F907B31-354D-4528-AF39-0267A3900793}
		{02EA681E-C7D8-13C7-8484-4AC65E1B71E8} = {2F907B31-354D-4528-AF39-0267A3900793}
		{11374546-F0A9-4801-AEBF-4EF76D75AE07} = {512D5841-756A-4B3C-AE53-41BD7A3A1C84}
		{45DE0C56-7F8E-4904-8E8B-0A34F7E6AED4} = {11374546-F0A9-4801-AEBF-4EF76D75AE07}
		{7E8E51C9-5BD3-4DE3-BFB0-B3C39CBB9DA2} = {11374546-F0A9-4801-AEBF-4EF76D75AE07}
		{3D8E64C2-665A-43CA-936E-9A94C167BD59} = {11374546-F0A9-4801-AEBF-4EF76D75AE07}
		{825877D8-9AEC-451C-AE9A-61CDFFADCF3A} = {11374546-F0A9-4801-AEBF-4EF76D75AE07}
		{82E9B9BF-F0E1-4872-9C42-8B7D0C3E320D} = {D394B4DF-A804-4095-B913-4991F3F976EB}
		{796EE724-4251-43BE-8BCF-6778CB883CA1} = {82E9B9BF-F0E1-4872-9C42-8B7D0C3E320D}
		{B309C17C-7160-4F90-8DBE-943F45FD17A2} = {82E9B9BF-F0E1-4872-9C42-8B7D0C3E320D}
		{9CD0D0E4-193C-426D-A2BB-841FD15C96A2} = {82E9B9BF-F0E1-4872-9C42-8B7D0C3E320D}
	EndGlobalSection
	GlobalSection(ExtensibilityGlobals) = postSolution
		SolutionGuid = {C09FC64A-81A9-4A62-9197-1CFDEA9C4B34}
	EndGlobalSection
EndGlobal
